version = 1
revision = 2
requires-python = ">=3.13"

[[package]]
name = "html-to-markdown"
version = "2.7.0"
source = { registry = "https://pypi.org/simple" }
sdist = { url = "https://files.pythonhosted.org/packages/33/7a/5ca60b990ca90c38e128f7af2a86474ae78d90115167ce9719cb01af1f9e/html_to_markdown-2.7.0.tar.gz", hash = "sha256:5a6833d777a63380dbb707fcbcbbe17b6bd4742a1e42b3e243ab8bdd8fac5a3e", size = 1573355, upload-time = "2025-11-11T20:26:59.868Z" }
wheels = [
    { url = "https://files.pythonhosted.org/packages/1d/18/84986a940d23e19883bdc70dbecfb51452b602b30b6d07ebec7188d39dd4/html_to_markdown-2.7.0-cp310-abi3-macosx_11_0_arm64.whl", hash = "sha256:cc4723ab983f1b957f03ba10ef3c372567c7f4ba92d331b3da07f177fee98897", size = 3734693, upload-time = "2025-11-11T20:26:54.352Z" },
    { url = "https://files.pythonhosted.org/packages/62/b7/9cee215bbffd210c4865b79c411dec21da1a0d473f2264ee803a3d0f2c2d/html_to_markdown-2.7.0-cp310-abi3-manylinux2014_x86_64.manylinux_2_17_x86_64.whl", hash = "sha256:20985ec1952bc40c1dd452656920579fa9ecb43b590808a1808329d92ba47586", size = 4160571, upload-time = "2025-11-11T20:26:56.476Z" },
    { url = "https://files.pythonhosted.org/packages/e7/40/97a770577c82e9fcd780aae892eea8c9691b184ea83e5d5699278b96d9f8/html_to_markdown-2.7.0-cp310-abi3-win_amd64.whl", hash = "sha256:432b289dbcfc45eca356ae7ecb97b8d4c29b8885a48b1b6f86aa62fa7b3b73a0", size = 4079083, upload-time = "2025-11-11T20:26:58.031Z" },
]

[[package]]
name = "mybrainfood"
version = "0.1.0"
source = { virtual = "." }
dependencies = [
    { name = "html-to-markdown" },
]

[package.metadata]
requires-dist = [{ name = "html-to-markdown", specifier = ">=2.6.5" }]
